
Microsoft Visual Studio Solution File, Format Version 12.00
# Visual Studio Version 16
VisualStudioVersion = 16.0.30711.63
MinimumVisualStudioVersion = 10.0.40219.1
Project("{FAE04EC0-301F-11D3-BF4B-00C04F79EFBC}") = "MessageApp", "MessageApp\MessageApp.csproj", "{8B00B097-EF04-4B3B-8321-CE896930ABAD}"
EndProject
Global
	GlobalSection(SolutionConfigurationPlatforms) = preSolution
		Debug|Any CPU = Debug|Any CPU
		Release|Any CPU = Release|Any CPU
	EndGlobalSection
	GlobalSection(ProjectConfigurationPlatforms) = postSolution
		{8B00B097-EF04-4B3B-8321-CE896930ABAD}.Debug|Any CPU.ActiveCfg = Debug|Any CPU
		{8B00B097-EF04-4B3B-8321-CE896930ABAD}.Debug|Any CPU.Build.0 = Debug|Any CPU
		{8B00B097-EF04-4B3B-8321-CE896930ABAD}.Release|Any CPU.ActiveCfg = Release|Any CPU
		{8B00B097-EF04-4B3B-8321-CE896930ABAD}.Release|Any CPU.Build.0 = Release|Any CPU
	EndGlobalSection
	GlobalSection(SolutionProperties) = preSolution
		HideSolutionNode = FALSE
	EndGlobalSection
	GlobalSection(ExtensibilityGlobals) = postSolution
		SolutionGuid = {F1A95ECF-61B6-4A72-9D82-9F9C81CB7292}
	EndGlobalSection
EndGlobal
